{
  "name": "simple-chat-room",
  "lockfileVersion": 3,
  "requires": true,
  "packages": {
    "": {
      "dependencies": {
        "tim-js-sdk": "^2.27.6"
      }
    },
    "node_modules/tim-js-sdk": {
      "version": "2.27.6",
      "resolved": "https://registry.npmmirror.com/tim-js-sdk/-/tim-js-sdk-2.27.6.tgz",
      "integrity": "sha512-UdeYxn9i4ksCrmcrCwesckvBu/EQA3rUMrIJU13H9Qvz7sY4aojZkwhZpsctAvmV1FxgfT593WNK/7y156EMLQ==",
      "license": "ISC"
    }
  }
}
